
Microsoft Visual Studio Solution File, Format Version 12.00
# Visual Studio Version 16
VisualStudioVersion = 16.0.30320.27
MinimumVisualStudioVersion = 10.0.40219.1
Project("{FAE04EC0-301F-11D3-BF4B-00C04F79EFBC}") = "GenerateurDFUSafir", "GenerateurDFUSafir.csproj", "{73610F10-6594-4338-9E1D-065B7FDB99E2}"
EndProject
Project("{FAE04EC0-301F-11D3-BF4B-00C04F79EFBC}") = "GenerateurDfu", "GenerateurDFU\GenerateurDfu\GenerateurDfu.csproj", "{615DD688-33C5-4504-8909-8690876DE19E}"
EndProject
Project("{FAE04EC0-301F-11D3-BF4B-00C04F79EFBC}") = "XMLCore", "GenerateurDFU\XMLCore\XMLCore.csproj", "{22FAFAD3-C6A2-448D-8D3F-EE36E73E2CA8}"
EndProject
Project("{FAE04EC0-301F-11D3-BF4B-00C04F79EFBC}") = "FileCore", "GenerateurDFU\FileCore\FileCore.csproj", "{078A958E-FDFF-42A2-9B69-54F8A485DA70}"
EndProject
Project("{FAE04EC0-301F-11D3-BF4B-00C04F79EFBC}") = "BaseObjects", "GenerateurDFU\BaseObjects\BaseObjects.csproj", "{B057018E-C536-4F40-957B-78CC7C7734D8}"
EndProject
Project("{FAE04EC0-301F-11D3-BF4B-00C04F79EFBC}") = "WpfCore", "GenerateurDFU\WpfCore\WpfCore.csproj", "{C8B892D9-7764-4A41-ABBF-335FB9520289}"
EndProject
Project("{FAE04EC0-301F-11D3-BF4B-00C04F79EFBC}") = "Journal", "GenerateurDFU\Journal\Journal.csproj", "{CC9253D4-F3E6-430F-AF2F-5444EEF3E515}"
EndProject
Project("{FAE04EC0-301F-11D3-BF4B-00C04F79EFBC}") = "TraitementOFs", "GenerateurDFU\TraitementOFs\TraitementOFs.csproj", "{010911EA-B0C4-4034-B90B-66B66A60AB8D}"
EndProject
Project("{FAE04EC0-301F-11D3-BF4B-00C04F79EFBC}") = "LanguageModule", "GenerateurDFU\LanguageModule\LanguageModule.csproj", "{96E1A840-0BCC-47B4-83C0-5AAD4CFD508B}"
EndProject
Project("{FAE04EC0-301F-11D3-BF4B-00C04F79EFBC}") = "Patcher", "GenerateurDFU\Patcher\Patcher.csproj", "{15DBEFB6-5CE4-4342-B6E0-9C27373EB959}"
EndProject
Project("{FAE04EC0-301F-11D3-BF4B-00C04F79EFBC}") = "DAL_PEGASE", "GenerateurDFU\DAL_PEGASE\DAL_PEGASE.csproj", "{D5095F10-E147-4DC5-8621-78BF0A848E19}"
EndProject
Project("{FAE04EC0-301F-11D3-BF4B-00C04F79EFBC}") = "DALPEGASE", "GenerateurDFU\DALPEGASE\DALPEGASE.csproj", "{C36C261A-095F-462F-81D1-18861CDCFF59}"
EndProject
Project("{FAE04EC0-301F-11D3-BF4B-00C04F79EFBC}") = "InitFile", "InitFile\InitFile.csproj", "{E511CD91-B280-4C57-BBCC-9DBCA2F3DAC9}"
EndProject
Project("{FAE04EC0-301F-11D3-BF4B-00C04F79EFBC}") = "PegaseCore", "GenerateurDFU\PegaseCore\PegaseCore.csproj", "{ABE770DB-722A-4989-BFCD-16B60E5C41E3}"
EndProject
Project("{FAE04EC0-301F-11D3-BF4B-00C04F79EFBC}") = "PegaseDAL", "GenerateurDFU\PegaseDAL\PegaseDAL.csproj", "{221DC562-9B7B-46C5-AB9A-F0C97EF1ADEB}"
EndProject
Project("{FAE04EC0-301F-11D3-BF4B-00C04F79EFBC}") = "ServiceGenerationDFU", "ServiceGenerationDFU\ServiceGenerationDFU.csproj", "{256F747D-BEFB-4FD1-95BB-63CD8CFA73EA}"
EndProject
Project("{FAE04EC0-301F-11D3-BF4B-00C04F79EFBC}") = "testGenerateurDFU", "testGenerateurDFU\testGenerateurDFU.csproj", "{F938582A-C0A4-432A-8111-FF2095B62A48}"
EndProject
Project("{FAE04EC0-301F-11D3-BF4B-00C04F79EFBC}") = "DLL_Compteur_Mono", "DLL_Compteur_Mono\DLL_Compteur_Mono.csproj", "{7E356229-86FE-470D-BD69-22896C336364}"
EndProject
Global
	GlobalSection(SolutionConfigurationPlatforms) = preSolution
		Debug|Any CPU = Debug|Any CPU
		Debug|x64 = Debug|x64
		Debug|x86 = Debug|x86
		Release|Any CPU = Release|Any CPU
		Release|x64 = Release|x64
		Release|x86 = Release|x86
	EndGlobalSection
	GlobalSection(ProjectConfigurationPlatforms) = postSolution
		{73610F10-6594-4338-9E1D-065B7FDB99E2}.Debug|Any CPU.ActiveCfg = Debug|Any CPU
		{73610F10-6594-4338-9E1D-065B7FDB99E2}.Debug|Any CPU.Build.0 = Debug|Any CPU
		{73610F10-6594-4338-9E1D-065B7FDB99E2}.Debug|x64.ActiveCfg = Debug|Any CPU
		{73610F10-6594-4338-9E1D-065B7FDB99E2}.Debug|x64.Build.0 = Debug|Any CPU
		{73610F10-6594-4338-9E1D-065B7FDB99E2}.Debug|x86.ActiveCfg = Debug|Any CPU
		{73610F10-6594-4338-9E1D-065B7FDB99E2}.Debug|x86.Build.0 = Debug|Any CPU
		{73610F10-6594-4338-9E1D-065B7FDB99E2}.Release|Any CPU.ActiveCfg = Release|Any CPU
		{73610F10-6594-4338-9E1D-065B7FDB99E2}.Release|Any CPU.Build.0 = Release|Any CPU
		{73610F10-6594-4338-9E1D-065B7FDB99E2}.Release|x64.ActiveCfg = Release|Any CPU
		{73610F10-6594-4338-9E1D-065B7FDB99E2}.Release|x64.Build.0 = Release|Any CPU
		{73610F10-6594-4338-9E1D-065B7FDB99E2}.Release|x86.ActiveCfg = Release|Any CPU
		{73610F10-6594-4338-9E1D-065B7FDB99E2}.Release|x86.Build.0 = Release|Any CPU
		{615DD688-33C5-4504-8909-8690876DE19E}.Debug|Any CPU.ActiveCfg = Debug|Any CPU
		{615DD688-33C5-4504-8909-8690876DE19E}.Debug|Any CPU.Build.0 = Debug|Any CPU
		{615DD688-33C5-4504-8909-8690876DE19E}.Debug|x64.ActiveCfg = Debug|Any CPU
		{615DD688-33C5-4504-8909-8690876DE19E}.Debug|x64.Build.0 = Debug|Any CPU
		{615DD688-33C5-4504-8909-8690876DE19E}.Debug|x86.ActiveCfg = Debug|Any CPU
		{615DD688-33C5-4504-8909-8690876DE19E}.Debug|x86.Build.0 = Debug|Any CPU
		{615DD688-33C5-4504-8909-8690876DE19E}.Release|Any CPU.ActiveCfg = Release|Any CPU
		{615DD688-33C5-4504-8909-8690876DE19E}.Release|Any CPU.Build.0 = Release|Any CPU
		{615DD688-33C5-4504-8909-8690876DE19E}.Release|x64.ActiveCfg = Release|Any CPU
		{615DD688-33C5-4504-8909-8690876DE19E}.Release|x64.Build.0 = Release|Any CPU
		{615DD688-33C5-4504-8909-8690876DE19E}.Release|x86.ActiveCfg = Release|Any CPU
		{615DD688-33C5-4504-8909-8690876DE19E}.Release|x86.Build.0 = Release|Any CPU
		{22FAFAD3-C6A2-448D-8D3F-EE36E73E2CA8}.Debug|Any CPU.ActiveCfg = Debug|Any CPU
		{22FAFAD3-C6A2-448D-8D3F-EE36E73E2CA8}.Debug|Any CPU.Build.0 = Debug|Any CPU
		{22FAFAD3-C6A2-448D-8D3F-EE36E73E2CA8}.Debug|x64.ActiveCfg = Debug|Any CPU
		{22FAFAD3-C6A2-448D-8D3F-EE36E73E2CA8}.Debug|x64.Build.0 = Debug|Any CPU
		{22FAFAD3-C6A2-448D-8D3F-EE36E73E2CA8}.Debug|x86.ActiveCfg = Debug|x86
		{22FAFAD3-C6A2-448D-8D3F-EE36E73E2CA8}.Debug|x86.Build.0 = Debug|x86
		{22FAFAD3-C6A2-448D-8D3F-EE36E73E2CA8}.Release|Any CPU.ActiveCfg = Release|Any CPU
		{22FAFAD3-C6A2-448D-8D3F-EE36E73E2CA8}.Release|Any CPU.Build.0 = Release|Any CPU
		{22FAFAD3-C6A2-448D-8D3F-EE36E73E2CA8}.Release|x64.ActiveCfg = Release|Any CPU
		{22FAFAD3-C6A2-448D-8D3F-EE36E73E2CA8}.Release|x64.Build.0 = Release|Any CPU
		{22FAFAD3-C6A2-448D-8D3F-EE36E73E2CA8}.Release|x86.ActiveCfg = Release|x86
		{22FAFAD3-C6A2-448D-8D3F-EE36E73E2CA8}.Release|x86.Build.0 = Release|x86
		{078A958E-FDFF-42A2-9B69-54F8A485DA70}.Debug|Any CPU.ActiveCfg = Debug|Any CPU
		{078A958E-FDFF-42A2-9B69-54F8A485DA70}.Debug|Any CPU.Build.0 = Debug|Any CPU
		{078A958E-FDFF-42A2-9B69-54F8A485DA70}.Debug|x64.ActiveCfg = Debug|x64
		{078A958E-FDFF-42A2-9B69-54F8A485DA70}.Debug|x64.Build.0 = Debug|x64
		{078A958E-FDFF-42A2-9B69-54F8A485DA70}.Debug|x86.ActiveCfg = Debug|x86
		{078A958E-FDFF-42A2-9B69-54F8A485DA70}.Debug|x86.Build.0 = Debug|x86
		{078A958E-FDFF-42A2-9B69-54F8A485DA70}.Release|Any CPU.ActiveCfg = Release|Any CPU
		{078A958E-FDFF-42A2-9B69-54F8A485DA70}.Release|Any CPU.Build.0 = Release|Any CPU
		{078A958E-FDFF-42A2-9B69-54F8A485DA70}.Release|x64.ActiveCfg = Release|x64
		{078A958E-FDFF-42A2-9B69-54F8A485DA70}.Release|x64.Build.0 = Release|x64
		{078A958E-FDFF-42A2-9B69-54F8A485DA70}.Release|x86.ActiveCfg = Release|x86
		{078A958E-FDFF-42A2-9B69-54F8A485DA70}.Release|x86.Build.0 = Release|x86
		{B057018E-C536-4F40-957B-78CC7C7734D8}.Debug|Any CPU.ActiveCfg = Debug|Any CPU
		{B057018E-C536-4F40-957B-78CC7C7734D8}.Debug|Any CPU.Build.0 = Debug|Any CPU
		{B057018E-C536-4F40-957B-78CC7C7734D8}.Debug|x64.ActiveCfg = Debug|Any CPU
		{B057018E-C536-4F40-957B-78CC7C7734D8}.Debug|x64.Build.0 = Debug|Any CPU
		{B057018E-C536-4F40-957B-78CC7C7734D8}.Debug|x86.ActiveCfg = Debug|x86
		{B057018E-C536-4F40-957B-78CC7C7734D8}.Debug|x86.Build.0 = Debug|x86
		{B057018E-C536-4F40-957B-78CC7C7734D8}.Release|Any CPU.ActiveCfg = Release|Any CPU
		{B057018E-C536-4F40-957B-78CC7C7734D8}.Release|Any CPU.Build.0 = Release|Any CPU
		{B057018E-C536-4F40-957B-78CC7C7734D8}.Release|x64.ActiveCfg = Release|Any CPU
		{B057018E-C536-4F40-957B-78CC7C7734D8}.Release|x64.Build.0 = Release|Any CPU
		{B057018E-C536-4F40-957B-78CC7C7734D8}.Release|x86.ActiveCfg = Release|x86
		{B057018E-C536-4F40-957B-78CC7C7734D8}.Release|x86.Build.0 = Release|x86
		{C8B892D9-7764-4A41-ABBF-335FB9520289}.Debug|Any CPU.ActiveCfg = Debug|Any CPU
		{C8B892D9-7764-4A41-ABBF-335FB9520289}.Debug|Any CPU.Build.0 = Debug|Any CPU
		{C8B892D9-7764-4A41-ABBF-335FB9520289}.Debug|x64.ActiveCfg = Debug|Any CPU
		{C8B892D9-7764-4A41-ABBF-335FB9520289}.Debug|x64.Build.0 = Debug|Any CPU
		{C8B892D9-7764-4A41-ABBF-335FB9520289}.Debug|x86.ActiveCfg = Debug|x86
		{C8B892D9-7764-4A41-ABBF-335FB9520289}.Debug|x86.Build.0 = Debug|x86
		{C8B892D9-7764-4A41-ABBF-335FB9520289}.Release|Any CPU.ActiveCfg = Release|Any CPU
		{C8B892D9-7764-4A41-ABBF-335FB9520289}.Release|Any CPU.Build.0 = Release|Any CPU
		{C8B892D9-7764-4A41-ABBF-335FB9520289}.Release|x64.ActiveCfg = Release|Any CPU
		{C8B892D9-7764-4A41-ABBF-335FB9520289}.Release|x64.Build.0 = Release|Any CPU
		{C8B892D9-7764-4A41-ABBF-335FB9520289}.Release|x86.ActiveCfg = Release|x86
		{C8B892D9-7764-4A41-ABBF-335FB9520289}.Release|x86.Build.0 = Release|x86
		{CC9253D4-F3E6-430F-AF2F-5444EEF3E515}.Debug|Any CPU.ActiveCfg = Debug|Any CPU
		{CC9253D4-F3E6-430F-AF2F-5444EEF3E515}.Debug|Any CPU.Build.0 = Debug|Any CPU
		{CC9253D4-F3E6-430F-AF2F-5444EEF3E515}.Debug|x64.ActiveCfg = Debug|Any CPU
		{CC9253D4-F3E6-430F-AF2F-5444EEF3E515}.Debug|x64.Build.0 = Debug|Any CPU
		{CC9253D4-F3E6-430F-AF2F-5444EEF3E515}.Debug|x86.ActiveCfg = Debug|x86
		{CC9253D4-F3E6-430F-AF2F-5444EEF3E515}.Debug|x86.Build.0 = Debug|x86
		{CC9253D4-F3E6-430F-AF2F-5444EEF3E515}.Release|Any CPU.ActiveCfg = Release|Any CPU
		{CC9253D4-F3E6-430F-AF2F-5444EEF3E515}.Release|Any CPU.Build.0 = Release|Any CPU
		{CC9253D4-F3E6-430F-AF2F-5444EEF3E515}.Release|x64.ActiveCfg = Release|Any CPU
		{CC9253D4-F3E6-430F-AF2F-5444EEF3E515}.Release|x64.Build.0 = Release|Any CPU
		{CC9253D4-F3E6-430F-AF2F-5444EEF3E515}.Release|x86.ActiveCfg = Release|x86
		{CC9253D4-F3E6-430F-AF2F-5444EEF3E515}.Release|x86.Build.0 = Release|x86
		{010911EA-B0C4-4034-B90B-66B66A60AB8D}.Debug|Any CPU.ActiveCfg = Debug|Any CPU
		{010911EA-B0C4-4034-B90B-66B66A60AB8D}.Debug|Any CPU.Build.0 = Debug|Any CPU
		{010911EA-B0C4-4034-B90B-66B66A60AB8D}.Debug|x64.ActiveCfg = Debug|Any CPU
		{010911EA-B0C4-4034-B90B-66B66A60AB8D}.Debug|x64.Build.0 = Debug|Any CPU
		{010911EA-B0C4-4034-B90B-66B66A60AB8D}.Debug|x86.ActiveCfg = Debug|Any CPU
		{010911EA-B0C4-4034-B90B-66B66A60AB8D}.Debug|x86.Build.0 = Debug|Any CPU
		{010911EA-B0C4-4034-B90B-66B66A60AB8D}.Release|Any CPU.ActiveCfg = Release|Any CPU
		{010911EA-B0C4-4034-B90B-66B66A60AB8D}.Release|Any CPU.Build.0 = Release|Any CPU
		{010911EA-B0C4-4034-B90B-66B66A60AB8D}.Release|x64.ActiveCfg = Release|Any CPU
		{010911EA-B0C4-4034-B90B-66B66A60AB8D}.Release|x64.Build.0 = Release|Any CPU
		{010911EA-B0C4-4034-B90B-66B66A60AB8D}.Release|x86.ActiveCfg = Release|Any CPU
		{010911EA-B0C4-4034-B90B-66B66A60AB8D}.Release|x86.Build.0 = Release|Any CPU
		{96E1A840-0BCC-47B4-83C0-5AAD4CFD508B}.Debug|Any CPU.ActiveCfg = Debug|Any CPU
		{96E1A840-0BCC-47B4-83C0-5AAD4CFD508B}.Debug|Any CPU.Build.0 = Debug|Any CPU
		{96E1A840-0BCC-47B4-83C0-5AAD4CFD508B}.Debug|x64.ActiveCfg = Debug|Any CPU
		{96E1A840-0BCC-47B4-83C0-5AAD4CFD508B}.Debug|x64.Build.0 = Debug|Any CPU
		{96E1A840-0BCC-47B4-83C0-5AAD4CFD508B}.Debug|x86.ActiveCfg = Debug|x86
		{96E1A840-0BCC-47B4-83C0-5AAD4CFD508B}.Debug|x86.Build.0 = Debug|x86
		{96E1A840-0BCC-47B4-83C0-5AAD4CFD508B}.Release|Any CPU.ActiveCfg = Release|Any CPU
		{96E1A840-0BCC-47B4-83C0-5AAD4CFD508B}.Release|Any CPU.Build.0 = Release|Any CPU
		{96E1A840-0BCC-47B4-83C0-5AAD4CFD508B}.Release|x64.ActiveCfg = Release|Any CPU
		{96E1A840-0BCC-47B4-83C0-5AAD4CFD508B}.Release|x64.Build.0 = Release|Any CPU
		{96E1A840-0BCC-47B4-83C0-5AAD4CFD508B}.Release|x86.ActiveCfg = Release|x86
		{96E1A840-0BCC-47B4-83C0-5AAD4CFD508B}.Release|x86.Build.0 = Release|x86
		{15DBEFB6-5CE4-4342-B6E0-9C27373EB959}.Debug|Any CPU.ActiveCfg = Debug|Any CPU
		{15DBEFB6-5CE4-4342-B6E0-9C27373EB959}.Debug|Any CPU.Build.0 = Debug|Any CPU
		{15DBEFB6-5CE4-4342-B6E0-9C27373EB959}.Debug|x64.ActiveCfg = Debug|Any CPU
		{15DBEFB6-5CE4-4342-B6E0-9C27373EB959}.Debug|x64.Build.0 = Debug|Any CPU
		{15DBEFB6-5CE4-4342-B6E0-9C27373EB959}.Debug|x86.ActiveCfg = Debug|x86
		{15DBEFB6-5CE4-4342-B6E0-9C27373EB959}.Debug|x86.Build.0 = Debug|x86
		{15DBEFB6-5CE4-4342-B6E0-9C27373EB959}.Release|Any CPU.ActiveCfg = Release|Any CPU
		{15DBEFB6-5CE4-4342-B6E0-9C27373EB959}.Release|Any CPU.Build.0 = Release|Any CPU
		{15DBEFB6-5CE4-4342-B6E0-9C27373EB959}.Release|x64.ActiveCfg = Release|Any CPU
		{15DBEFB6-5CE4-4342-B6E0-9C27373EB959}.Release|x64.Build.0 = Release|Any CPU
		{15DBEFB6-5CE4-4342-B6E0-9C27373EB959}.Release|x86.ActiveCfg = Release|x86
		{15DBEFB6-5CE4-4342-B6E0-9C27373EB959}.Release|x86.Build.0 = Release|x86
		{D5095F10-E147-4DC5-8621-78BF0A848E19}.Debug|Any CPU.ActiveCfg = Debug|Any CPU
		{D5095F10-E147-4DC5-8621-78BF0A848E19}.Debug|Any CPU.Build.0 = Debug|Any CPU
		{D5095F10-E147-4DC5-8621-78BF0A848E19}.Debug|x64.ActiveCfg = Debug|Any CPU
		{D5095F10-E147-4DC5-8621-78BF0A848E19}.Debug|x64.Build.0 = Debug|Any CPU
		{D5095F10-E147-4DC5-8621-78BF0A848E19}.Debug|x86.ActiveCfg = Debug|Any CPU
		{D5095F10-E147-4DC5-8621-78BF0A848E19}.Debug|x86.Build.0 = Debug|Any CPU
		{D5095F10-E147-4DC5-8621-78BF0A848E19}.Release|Any CPU.ActiveCfg = Release|Any CPU
		{D5095F10-E147-4DC5-8621-78BF0A848E19}.Release|Any CPU.Build.0 = Release|Any CPU
		{D5095F10-E147-4DC5-8621-78BF0A848E19}.Release|x64.ActiveCfg = Release|Any CPU
		{D5095F10-E147-4DC5-8621-78BF0A848E19}.Release|x64.Build.0 = Release|Any CPU
		{D5095F10-E147-4DC5-8621-78BF0A848E19}.Release|x86.ActiveCfg = Release|Any CPU
		{D5095F10-E147-4DC5-8621-78BF0A848E19}.Release|x86.Build.0 = Release|Any CPU
		{C36C261A-095F-462F-81D1-18861CDCFF59}.Debug|Any CPU.ActiveCfg = Debug|Any CPU
		{C36C261A-095F-462F-81D1-18861CDCFF59}.Debug|Any CPU.Build.0 = Debug|Any CPU
		{C36C261A-095F-462F-81D1-18861CDCFF59}.Debug|x64.ActiveCfg = Debug|Any CPU
		{C36C261A-095F-462F-81D1-18861CDCFF59}.Debug|x64.Build.0 = Debug|Any CPU
		{C36C261A-095F-462F-81D1-18861CDCFF59}.Debug|x86.ActiveCfg = Debug|Any CPU
		{C36C261A-095F-462F-81D1-18861CDCFF59}.Debug|x86.Build.0 = Debug|Any CPU
		{C36C261A-095F-462F-81D1-18861CDCFF59}.Release|Any CPU.ActiveCfg = Release|Any CPU
		{C36C261A-095F-462F-81D1-18861CDCFF59}.Release|Any CPU.Build.0 = Release|Any CPU
		{C36C261A-095F-462F-81D1-18861CDCFF59}.Release|x64.ActiveCfg = Release|Any CPU
		{C36C261A-095F-462F-81D1-18861CDCFF59}.Release|x64.Build.0 = Release|Any CPU
		{C36C261A-095F-462F-81D1-18861CDCFF59}.Release|x86.ActiveCfg = Release|Any CPU
		{C36C261A-095F-462F-81D1-18861CDCFF59}.Release|x86.Build.0 = Release|Any CPU
		{E511CD91-B280-4C57-BBCC-9DBCA2F3DAC9}.Debug|Any CPU.ActiveCfg = Debug|Any CPU
		{E511CD91-B280-4C57-BBCC-9DBCA2F3DAC9}.Debug|Any CPU.Build.0 = Debug|Any CPU
		{E511CD91-B280-4C57-BBCC-9DBCA2F3DAC9}.Debug|x64.ActiveCfg = Debug|Any CPU
		{E511CD91-B280-4C57-BBCC-9DBCA2F3DAC9}.Debug|x64.Build.0 = Debug|Any CPU
		{E511CD91-B280-4C57-BBCC-9DBCA2F3DAC9}.Debug|x86.ActiveCfg = Debug|Any CPU
		{E511CD91-B280-4C57-BBCC-9DBCA2F3DAC9}.Debug|x86.Build.0 = Debug|Any CPU
		{E511CD91-B280-4C57-BBCC-9DBCA2F3DAC9}.Release|Any CPU.ActiveCfg = Release|Any CPU
		{E511CD91-B280-4C57-BBCC-9DBCA2F3DAC9}.Release|Any CPU.Build.0 = Release|Any CPU
		{E511CD91-B280-4C57-BBCC-9DBCA2F3DAC9}.Release|x64.ActiveCfg = Release|Any CPU
		{E511CD91-B280-4C57-BBCC-9DBCA2F3DAC9}.Release|x64.Build.0 = Release|Any CPU
		{E511CD91-B280-4C57-BBCC-9DBCA2F3DAC9}.Release|x86.ActiveCfg = Release|Any CPU
		{E511CD91-B280-4C57-BBCC-9DBCA2F3DAC9}.Release|x86.Build.0 = Release|Any CPU
		{ABE770DB-722A-4989-BFCD-16B60E5C41E3}.Debug|Any CPU.ActiveCfg = Debug|Any CPU
		{ABE770DB-722A-4989-BFCD-16B60E5C41E3}.Debug|Any CPU.Build.0 = Debug|Any CPU
		{ABE770DB-722A-4989-BFCD-16B60E5C41E3}.Debug|x64.ActiveCfg = Debug|Any CPU
		{ABE770DB-722A-4989-BFCD-16B60E5C41E3}.Debug|x64.Build.0 = Debug|Any CPU
		{ABE770DB-722A-4989-BFCD-16B60E5C41E3}.Debug|x86.ActiveCfg = Debug|x86
		{ABE770DB-722A-4989-BFCD-16B60E5C41E3}.Debug|x86.Build.0 = Debug|x86
		{ABE770DB-722A-4989-BFCD-16B60E5C41E3}.Release|Any CPU.ActiveCfg = Release|Any CPU
		{ABE770DB-722A-4989-BFCD-16B60E5C41E3}.Release|Any CPU.Build.0 = Release|Any CPU
		{ABE770DB-722A-4989-BFCD-16B60E5C41E3}.Release|x64.ActiveCfg = Release|Any CPU
		{ABE770DB-722A-4989-BFCD-16B60E5C41E3}.Release|x64.Build.0 = Release|Any CPU
		{ABE770DB-722A-4989-BFCD-16B60E5C41E3}.Release|x86.ActiveCfg = Release|x86
		{ABE770DB-722A-4989-BFCD-16B60E5C41E3}.Release|x86.Build.0 = Release|x86
		{221DC562-9B7B-46C5-AB9A-F0C97EF1ADEB}.Debug|Any CPU.ActiveCfg = Debug|Any CPU
		{221DC562-9B7B-46C5-AB9A-F0C97EF1ADEB}.Debug|Any CPU.Build.0 = Debug|Any CPU
		{221DC562-9B7B-46C5-AB9A-F0C97EF1ADEB}.Debug|x64.ActiveCfg = Debug|Any CPU
		{221DC562-9B7B-46C5-AB9A-F0C97EF1ADEB}.Debug|x64.Build.0 = Debug|Any CPU
		{221DC562-9B7B-46C5-AB9A-F0C97EF1ADEB}.Debug|x86.ActiveCfg = Debug|x86
		{221DC562-9B7B-46C5-AB9A-F0C97EF1ADEB}.Debug|x86.Build.0 = Debug|x86
		{221DC562-9B7B-46C5-AB9A-F0C97EF1ADEB}.Release|Any CPU.ActiveCfg = Release|Any CPU
		{221DC562-9B7B-46C5-AB9A-F0C97EF1ADEB}.Release|Any CPU.Build.0 = Release|Any CPU
		{221DC562-9B7B-46C5-AB9A-F0C97EF1ADEB}.Release|x64.ActiveCfg = Release|Any CPU
		{221DC562-9B7B-46C5-AB9A-F0C97EF1ADEB}.Release|x64.Build.0 = Release|Any CPU
		{221DC562-9B7B-46C5-AB9A-F0C97EF1ADEB}.Release|x86.ActiveCfg = Release|x86
		{221DC562-9B7B-46C5-AB9A-F0C97EF1ADEB}.Release|x86.Build.0 = Release|x86
		{256F747D-BEFB-4FD1-95BB-63CD8CFA73EA}.Debug|Any CPU.ActiveCfg = Debug|Any CPU
		{256F747D-BEFB-4FD1-95BB-63CD8CFA73EA}.Debug|Any CPU.Build.0 = Debug|Any CPU
		{256F747D-BEFB-4FD1-95BB-63CD8CFA73EA}.Debug|x64.ActiveCfg = Debug|Any CPU
		{256F747D-BEFB-4FD1-95BB-63CD8CFA73EA}.Debug|x64.Build.0 = Debug|Any CPU
		{256F747D-BEFB-4FD1-95BB-63CD8CFA73EA}.Debug|x86.ActiveCfg = Debug|Any CPU
		{256F747D-BEFB-4FD1-95BB-63CD8CFA73EA}.Debug|x86.Build.0 = Debug|Any CPU
		{256F747D-BEFB-4FD1-95BB-63CD8CFA73EA}.Release|Any CPU.ActiveCfg = Release|Any CPU
		{256F747D-BEFB-4FD1-95BB-63CD8CFA73EA}.Release|Any CPU.Build.0 = Release|Any CPU
		{256F747D-BEFB-4FD1-95BB-63CD8CFA73EA}.Release|x64.ActiveCfg = Release|Any CPU
		{256F747D-BEFB-4FD1-95BB-63CD8CFA73EA}.Release|x64.Build.0 = Release|Any CPU
		{256F747D-BEFB-4FD1-95BB-63CD8CFA73EA}.Release|x86.ActiveCfg = Release|Any CPU
		{256F747D-BEFB-4FD1-95BB-63CD8CFA73EA}.Release|x86.Build.0 = Release|Any CPU
		{F938582A-C0A4-432A-8111-FF2095B62A48}.Debug|Any CPU.ActiveCfg = Debug|Any CPU
		{F938582A-C0A4-432A-8111-FF2095B62A48}.Debug|Any CPU.Build.0 = Debug|Any CPU
		{F938582A-C0A4-432A-8111-FF2095B62A48}.Debug|x64.ActiveCfg = Debug|Any CPU
		{F938582A-C0A4-432A-8111-FF2095B62A48}.Debug|x64.Build.0 = Debug|Any CPU
		{F938582A-C0A4-432A-8111-FF2095B62A48}.Debug|x86.ActiveCfg = Debug|Any CPU
		{F938582A-C0A4-432A-8111-FF2095B62A48}.Debug|x86.Build.0 = Debug|Any CPU
		{F938582A-C0A4-432A-8111-FF2095B62A48}.Release|Any CPU.ActiveCfg = Release|Any CPU
		{F938582A-C0A4-432A-8111-FF2095B62A48}.Release|Any CPU.Build.0 = Release|Any CPU
		{F938582A-C0A4-432A-8111-FF2095B62A48}.Release|x64.ActiveCfg = Release|Any CPU
		{F938582A-C0A4-432A-8111-FF2095B62A48}.Release|x64.Build.0 = Release|Any CPU
		{F938582A-C0A4-432A-8111-FF2095B62A48}.Release|x86.ActiveCfg = Release|Any CPU
		{F938582A-C0A4-432A-8111-FF2095B62A48}.Release|x86.Build.0 = Release|Any CPU
		{7E356229-86FE-470D-BD69-22896C336364}.Debug|Any CPU.ActiveCfg = Debug|Any CPU
		{7E356229-86FE-470D-BD69-22896C336364}.Debug|Any CPU.Build.0 = Debug|Any CPU
		{7E356229-86FE-470D-BD69-22896C336364}.Debug|x64.ActiveCfg = Debug|Any CPU
		{7E356229-86FE-470D-BD69-22896C336364}.Debug|x64.Build.0 = Debug|Any CPU
		{7E356229-86FE-470D-BD69-22896C336364}.Debug|x86.ActiveCfg = Debug|Any CPU
		{7E356229-86FE-470D-BD69-22896C336364}.Debug|x86.Build.0 = Debug|Any CPU
		{7E356229-86FE-470D-BD69-22896C336364}.Release|Any CPU.ActiveCfg = Release|Any CPU
		{7E356229-86FE-470D-BD69-22896C336364}.Release|Any CPU.Build.0 = Release|Any CPU
		{7E356229-86FE-470D-BD69-22896C336364}.Release|x64.ActiveCfg = Release|Any CPU
		{7E356229-86FE-470D-BD69-22896C336364}.Release|x64.Build.0 = Release|Any CPU
		{7E356229-86FE-470D-BD69-22896C336364}.Release|x86.ActiveCfg = Release|Any CPU
		{7E356229-86FE-470D-BD69-22896C336364}.Release|x86.Build.0 = Release|Any CPU
	EndGlobalSection
	GlobalSection(SolutionProperties) = preSolution
		HideSolutionNode = FALSE
	EndGlobalSection
	GlobalSection(ExtensibilityGlobals) = postSolution
		SolutionGuid = {B35D1524-A736-42DE-B389-8C2140B53567}
	EndGlobalSection
EndGlobal
